// !$*UTF8*$!
{
	archiveVersion = 1;
	classes = {
	};
	objectVersion = 46;
	objects = {

/* Begin PBXBuildFile section */
		A84D7D6592BF12D420358401 /* Pods_google_password_manager.framework in Frameworks */ = {isa = PBXBuildFile; fileRef = D059CDA1415659EBE6E57EA1 /* Pods_google_password_manager.framework */; settings = {ATTRIBUTES = (Weak, ); }; };
		BE262BC21D64083500E67A15 /* AddPasswordViewController.swift in Sources */ = {isa = PBXBuildFile; fileRef = BE262BC11D64083500E67A15 /* AddPasswordViewController.swift */; };
		BE87142B1D665847002D9F57 /* PasswordFieldCell.swift in Sources */ = {isa = PBXBuildFile; fileRef = BE8714291D665847002D9F57 /* PasswordFieldCell.swift */; };
		BE87142C1D665847002D9F57 /* PasswordFieldCell.xib in Resources */ = {isa = PBXBuildFile; fileRef = BE87142A1D665847002D9F57 /* PasswordFieldCell.xib */; };
		BE9CC3271D6105B1008A49EF /* AppDelegate.swift in Sources */ = {isa = PBXBuildFile; fileRef = BE9CC3261D6105B1008A49EF /* AppDelegate.swift */; };
		BE9CC3291D6105B1008A49EF /* PasswordsViewController.swift in Sources */ = {isa = PBXBuildFile; fileRef = BE9CC3281D6105B1008A49EF /* PasswordsViewController.swift */; };
		BE9CC32E1D6105B1008A49EF /* Main.storyboard in Resources */ = {isa = PBXBuildFile; fileRef = BE9CC32C1D6105B1008A49EF /* Main.storyboard */; };
		BE9CC3301D6105B1008A49EF /* Assets.xcassets in Resources */ = {isa = PBXBuildFile; fileRef = BE9CC32F1D6105B1008A49EF /* Assets.xcassets */; };
		BE9CC3331D6105B1008A49EF /* LaunchScreen.storyboard in Resources */ = {isa = PBXBuildFile; fileRef = BE9CC3311D6105B1008A49EF /* LaunchScreen.storyboard */; };
		BE9CC33E1D6105B1008A49EF /* google_password_managerTests.swift in Sources */ = {isa = PBXBuildFile; fileRef = BE9CC33D1D6105B1008A49EF /* google_password_managerTests.swift */; };
		BE9CC3491D6105B1008A49EF /* google_password_managerUITests.swift in Sources */ = {isa = PBXBuildFile; fileRef = BE9CC3481D6105B1008A49EF /* google_password_managerUITests.swift */; };
		BE9CC3571D610A2A008A49EF /* Podfile in Resources */ = {isa = PBXBuildFile; fileRef = BE9CC3561D610A2A008A49EF /* Podfile */; };
		BE9CC3591D610E38008A49EF /* GTMOAuth2ViewTouch.xib in Resources */ = {isa = PBXBuildFile; fileRef = BE9CC3581D610E38008A49EF /* GTMOAuth2ViewTouch.xib */; };
		BEFE19481D612B1100F5AF56 /* UserPassword.swift in Sources */ = {isa = PBXBuildFile; fileRef = BEFE19471D612B1100F5AF56 /* UserPassword.swift */; };
/* End PBXBuildFile section */

/* Begin PBXContainerItemProxy section */
		BE9CC33A1D6105B1008A49EF /* PBXContainerItemProxy */ = {
			isa = PBXContainerItemProxy;
			containerPortal = BE9CC31B1D6105B1008A49EF /* Project object */;
			proxyType = 1;
			remoteGlobalIDString = BE9CC3221D6105B1008A49EF;
			remoteInfo = google_password_manager;
		};
		BE9CC3451D6105B1008A49EF /* PBXContainerItemProxy */ = {
			isa = PBXContainerItemProxy;
			containerPortal = BE9CC31B1D6105B1008A49EF /* Project object */;
			proxyType = 1;
			remoteGlobalIDString = BE9CC3221D6105B1008A49EF;
			remoteInfo = google_password_manager;
		};
/* End PBXContainerItemProxy section */

/* Begin PBXFileReference section */
		151C32B26077A190133CAB59 /* Pods-google_password_manager.release.xcconfig */ = {isa = PBXFileReference; includeInIndex = 1; lastKnownFileType = text.xcconfig; name = "Pods-google_password_manager.release.xcconfig"; path = "Pods/Target Support Files/Pods-google_password_manager/Pods-google_password_manager.release.xcconfig"; sourceTree = "<group>"; };
		7B11F4CC9F134D9DD3C598D9 /* Pods-google_password_manager.debug.xcconfig */ = {isa = PBXFileReference; includeInIndex = 1; lastKnownFileType = text.xcconfig; name = "Pods-google_password_manager.debug.xcconfig"; path = "Pods/Target Support Files/Pods-google_password_manager/Pods-google_password_manager.debug.xcconfig"; sourceTree = "<group>"; };
		BE262BC11D64083500E67A15 /* AddPasswordViewController.swift */ = {isa = PBXFileReference; fileEncoding = 4; lastKnownFileType = sourcecode.swift; path = AddPasswordViewController.swift; sourceTree = "<group>"; };
		BE8714291D665847002D9F57 /* PasswordFieldCell.swift */ = {isa = PBXFileReference; fileEncoding = 4; lastKnownFileType = sourcecode.swift; path = PasswordFieldCell.swift; sourceTree = "<group>"; };
		BE87142A1D665847002D9F57 /* PasswordFieldCell.xib */ = {isa = PBXFileReference; fileEncoding = 4; lastKnownFileType = file.xib; path = PasswordFieldCell.xib; sourceTree = "<group>"; };
		BE9CC3231D6105B1008A49EF /* google_password_manager.app */ = {isa = PBXFileReference; explicitFileType = wrapper.application; includeInIndex = 0; path = google_password_manager.app; sourceTree = BUILT_PRODUCTS_DIR; };
		BE9CC3261D6105B1008A49EF /* AppDelegate.swift */ = {isa = PBXFileReference; lastKnownFileType = sourcecode.swift; path = AppDelegate.swift; sourceTree = "<group>"; };
		BE9CC3281D6105B1008A49EF /* PasswordsViewController.swift */ = {isa = PBXFileReference; lastKnownFileType = sourcecode.swift; path = PasswordsViewController.swift; sourceTree = "<group>"; };
		BE9CC32D1D6105B1008A49EF /* Base */ = {isa = PBXFileReference; lastKnownFileType = file.storyboard; name = Base; path = Base.lproj/Main.storyboard; sourceTree = "<group>"; };
		BE9CC32F1D6105B1008A49EF /* Assets.xcassets */ = {isa = PBXFileReference; lastKnownFileType = folder.assetcatalog; path = Assets.xcassets; sourceTree = "<group>"; };
		BE9CC3321D6105B1008A49EF /* Base */ = {isa = PBXFileReference; lastKnownFileType = file.storyboard; name = Base; path = Base.lproj/LaunchScreen.storyboard; sourceTree = "<group>"; };
		BE9CC3341D6105B1008A49EF /* Info.plist */ = {isa = PBXFileReference; lastKnownFileType = text.plist.xml; path = Info.plist; sourceTree = "<group>"; };
		BE9CC3391D6105B1008A49EF /* google_password_managerTests.xctest */ = {isa = PBXFileReference; explicitFileType = wrapper.cfbundle; includeInIndex = 0; path = google_password_managerTests.xctest; sourceTree = BUILT_PRODUCTS_DIR; };
		BE9CC33D1D6105B1008A49EF /* google_password_managerTests.swift */ = {isa = PBXFileReference; lastKnownFileType = sourcecode.swift; path = google_password_managerTests.swift; sourceTree = "<group>"; };
		BE9CC33F1D6105B1008A49EF /* Info.plist */ = {isa = PBXFileReference; lastKnownFileType = text.plist.xml; path = Info.plist; sourceTree = "<group>"; };
		BE9CC3441D6105B1008A49EF /* google_password_managerUITests.xctest */ = {isa = PBXFileReference; explicitFileType = wrapper.cfbundle; includeInIndex = 0; path = google_password_managerUITests.xctest; sourceTree = BUILT_PRODUCTS_DIR; };
		BE9CC3481D6105B1008A49EF /* google_password_managerUITests.swift */ = {isa = PBXFileReference; lastKnownFileType = sourcecode.swift; path = google_password_managerUITests.swift; sourceTree = "<group>"; };
		BE9CC34A1D6105B1008A49EF /* Info.plist */ = {isa = PBXFileReference; lastKnownFileType = text.plist.xml; path = Info.plist; sourceTree = "<group>"; };
		BE9CC3561D610A2A008A49EF /* Podfile */ = {isa = PBXFileReference; fileEncoding = 4; lastKnownFileType = text; path = Podfile; sourceTree = "<group>"; xcLanguageSpecificationIdentifier = xcode.lang.ruby; };
		BE9CC3581D610E38008A49EF /* GTMOAuth2ViewTouch.xib */ = {isa = PBXFileReference; fileEncoding = 4; lastKnownFileType = file.xib; name = GTMOAuth2ViewTouch.xib; path = Pods/GTMOAuth2/Source/Touch/GTMOAuth2ViewTouch.xib; sourceTree = "<group>"; };
		BEFE19471D612B1100F5AF56 /* UserPassword.swift */ = {isa = PBXFileReference; fileEncoding = 4; lastKnownFileType = sourcecode.swift; path = UserPassword.swift; sourceTree = "<group>"; };
		D059CDA1415659EBE6E57EA1 /* Pods_google_password_manager.framework */ = {isa = PBXFileReference; explicitFileType = wrapper.framework; includeInIndex = 0; path = Pods_google_password_manager.framework; sourceTree = BUILT_PRODUCTS_DIR; };
/* End PBXFileReference section */

/* Begin PBXFrameworksBuildPhase section */
		BE9CC3201D6105B1008A49EF /* Frameworks */ = {
			isa = PBXFrameworksBuildPhase;
			buildActionMask = 2147483647;
			files = (
				A84D7D6592BF12D420358401 /* Pods_google_password_manager.framework in Frameworks */,
			);
			runOnlyForDeploymentPostprocessing = 0;
		};
		BE9CC3361D6105B1008A49EF /* Frameworks */ = {
			isa = PBXFrameworksBuildPhase;
			buildActionMask = 2147483647;
			files = (
			);
			runOnlyForDeploymentPostprocessing = 0;
		};
		BE9CC3411D6105B1008A49EF /* Frameworks */ = {
			isa = PBXFrameworksBuildPhase;
			buildActionMask = 2147483647;
			files = (
			);
			runOnlyForDeploymentPostprocessing = 0;
		};
/* End PBXFrameworksBuildPhase section */

/* Begin PBXGroup section */
		13A82FA03E004EED524A30B5 /* Frameworks */ = {
			isa = PBXGroup;
			children = (
				D059CDA1415659EBE6E57EA1 /* Pods_google_password_manager.framework */,
			);
			name = Frameworks;
			sourceTree = "<group>";
		};
		7FC9D4680BBBC09A314A7A3F /* Pods */ = {
			isa = PBXGroup;
			children = (
				7B11F4CC9F134D9DD3C598D9 /* Pods-google_password_manager.debug.xcconfig */,
				151C32B26077A190133CAB59 /* Pods-google_password_manager.release.xcconfig */,
			);
			name = Pods;
			sourceTree = "<group>";
		};
		BE9CC31A1D6105B1008A49EF = {
			isa = PBXGroup;
			children = (
				BE9CC3561D610A2A008A49EF /* Podfile */,
				BE9CC3581D610E38008A49EF /* GTMOAuth2ViewTouch.xib */,
				BE9CC3251D6105B1008A49EF /* google_password_manager */,
				BE9CC33C1D6105B1008A49EF /* google_password_managerTests */,
				BE9CC3471D6105B1008A49EF /* google_password_managerUITests */,
				BE9CC3241D6105B1008A49EF /* Products */,
				7FC9D4680BBBC09A314A7A3F /* Pods */,
				13A82FA03E004EED524A30B5 /* Frameworks */,
			);
			sourceTree = "<group>";
		};
		BE9CC3241D6105B1008A49EF /* Products */ = {
			isa = PBXGroup;
			children = (
				BE9CC3231D6105B1008A49EF /* google_password_manager.app */,
				BE9CC3391D6105B1008A49EF /* google_password_managerTests.xctest */,
				BE9CC3441D6105B1008A49EF /* google_password_managerUITests.xctest */,
			);
			name = Products;
			sourceTree = "<group>";
		};
		BE9CC3251D6105B1008A49EF /* google_password_manager */ = {
			isa = PBXGroup;
			children = (
				BE9CC3261D6105B1008A49EF /* AppDelegate.swift */,
				BE9CC3281D6105B1008A49EF /* PasswordsViewController.swift */,
				BE9CC32C1D6105B1008A49EF /* Main.storyboard */,
				BE9CC32F1D6105B1008A49EF /* Assets.xcassets */,
				BE9CC3311D6105B1008A49EF /* LaunchScreen.storyboard */,
				BE9CC3341D6105B1008A49EF /* Info.plist */,
				BEFE19471D612B1100F5AF56 /* UserPassword.swift */,
				BE262BC11D64083500E67A15 /* AddPasswordViewController.swift */,
				BE8714291D665847002D9F57 /* PasswordFieldCell.swift */,
				BE87142A1D665847002D9F57 /* PasswordFieldCell.xib */,
			);
			path = google_password_manager;
			sourceTree = "<group>";
		};
		BE9CC33C1D6105B1008A49EF /* google_password_managerTests */ = {
			isa = PBXGroup;
			children = (
				BE9CC33D1D6105B1008A49EF /* google_password_managerTests.swift */,
				BE9CC33F1D6105B1008A49EF /* Info.plist */,
			);
			path = google_password_managerTests;
			sourceTree = "<group>";
		};
		BE9CC3471D6105B1008A49EF /* google_password_managerUITests */ = {
			isa = PBXGroup;
			children = (
				BE9CC3481D6105B1008A49EF /* google_password_managerUITests.swift */,
				BE9CC34A1D6105B1008A49EF /* Info.plist */,
			);
			path = google_password_managerUITests;
			sourceTree = "<group>";
		};
/* End PBXGroup section */

/* Begin PBXNativeTarget section */
		BE9CC3221D6105B1008A49EF /* google_password_manager */ = {
			isa = PBXNativeTarget;
			buildConfigurationList = BE9CC34D1D6105B1008A49EF /* Build configuration list for PBXNativeTarget "google_password_manager" */;
			buildPhases = (
				8A1D0C756AB567D8BBFA36F8 /* Check Pods Manifest.lock */,
				BE9CC31F1D6105B1008A49EF /* Sources */,
				BE9CC3201D6105B1008A49EF /* Frameworks */,
				BE9CC3211D6105B1008A49EF /* Resources */,
				6D8C5D2E7386A2E6C0AE5A54 /* Embed Pods Frameworks */,
				55069D4C8608D331CEC4DECC /* Copy Pods Resources */,
			);
			buildRules = (
			);
			dependencies = (
			);
			name = google_password_manager;
			productName = google_password_manager;
			productReference = BE9CC3231D6105B1008A49EF /* google_password_manager.app */;
			productType = "com.apple.product-type.application";
		};
		BE9CC3381D6105B1008A49EF /* google_password_managerTests */ = {
			isa = PBXNativeTarget;
			buildConfigurationList = BE9CC3501D6105B1008A49EF /* Build configuration list for PBXNativeTarget "google_password_managerTests" */;
			buildPhases = (
				BE9CC3351D6105B1008A49EF /* Sources */,
				BE9CC3361D6105B1008A49EF /* Frameworks */,
				BE9CC3371D6105B1008A49EF /* Resources */,
			);
			buildRules = (
			);
			dependencies = (
				BE9CC33B1D6105B1008A49EF /* PBXTargetDependency */,
			);
			name = google_password_managerTests;
			productName = google_password_managerTests;
			productReference = BE9CC3391D6105B1008A49EF /* google_password_managerTests.xctest */;
			productType = "com.apple.product-type.bundle.unit-test";
		};
		BE9CC3431D6105B1008A49EF /* google_password_managerUITests */ = {
			isa = PBXNativeTarget;
			buildConfigurationList = BE9CC3531D6105B1008A49EF /* Build configuration list for PBXNativeTarget "google_password_managerUITests" */;
			buildPhases = (
				BE9CC3401D6105B1008A49EF /* Sources */,
				BE9CC3411D6105B1008A49EF /* Frameworks */,
				BE9CC3421D6105B1008A49EF /* Resources */,
			);
			buildRules = (
			);
			dependencies = (
				BE9CC3461D6105B1008A49EF /* PBXTargetDependency */,
			);
			name = google_password_managerUITests;
			productName = google_password_managerUITests;
			productReference = BE9CC3441D6105B1008A49EF /* google_password_managerUITests.xctest */;
			productType = "com.apple.product-type.bundle.ui-testing";
		};
/* End PBXNativeTarget section */

/* Begin PBXProject section */
		BE9CC31B1D6105B1008A49EF /* Project object */ = {
			isa = PBXProject;
			attributes = {
				LastSwiftUpdateCheck = 0730;
				LastUpgradeCheck = 0730;
				ORGANIZATIONNAME = "Venkata Macha";
				TargetAttributes = {
					BE9CC3221D6105B1008A49EF = {
						CreatedOnToolsVersion = 7.3.1;
					};
					BE9CC3381D6105B1008A49EF = {
						CreatedOnToolsVersion = 7.3.1;
						TestTargetID = BE9CC3221D6105B1008A49EF;
					};
					BE9CC3431D6105B1008A49EF = {
						CreatedOnToolsVersion = 7.3.1;
						TestTargetID = BE9CC3221D6105B1008A49EF;
					};
				};
			};
			buildConfigurationList = BE9CC31E1D6105B1008A49EF /* Build configuration list for PBXProject "google_password_manager" */;
			compatibilityVersion = "Xcode 3.2";
			developmentRegion = English;
			hasScannedForEncodings = 0;
			knownRegions = (
				en,
				Base,
			);
			mainGroup = BE9CC31A1D6105B1008A49EF;
			productRefGroup = BE9CC3241D6105B1008A49EF /* Products */;
			projectDirPath = "";
			projectRoot = "";
			targets = (
				BE9CC3221D6105B1008A49EF /* google_password_manager */,
				BE9CC3381D6105B1008A49EF /* google_password_managerTests */,
				BE9CC3431D6105B1008A49EF /* google_password_managerUITests */,
			);
		};
/* End PBXProject section */

/* Begin PBXResourcesBuildPhase section */
		BE9CC3211D6105B1008A49EF /* Resources */ = {
			isa = PBXResourcesBuildPhase;
			buildActionMask = 2147483647;
			files = (
				BE9CC3591D610E38008A49EF /* GTMOAuth2ViewTouch.xib in Resources */,
				BE9CC3331D6105B1008A49EF /* LaunchScreen.storyboard in Resources */,
				BE9CC3301D6105B1008A49EF /* Assets.xcassets in Resources */,
				BE87142C1D665847002D9F57 /* PasswordFieldCell.xib in Resources */,
				BE9CC3571D610A2A008A49EF /* Podfile in Resources */,
				BE9CC32E1D6105B1008A49EF /* Main.storyboard in Resources */,
			);
			runOnlyForDeploymentPostprocessing = 0;
		};
		BE9CC3371D6105B1008A49EF /* Resources */ = {
			isa = PBXResourcesBuildPhase;
			buildActionMask = 2147483647;
			files = (
			);
			runOnlyForDeploymentPostprocessing = 0;
		};
		BE9CC3421D6105B1008A49EF /* Resources */ = {
			isa = PBXResourcesBuildPhase;
			buildActionMask = 2147483647;
			files = (
			);
			runOnlyForDeploymentPostprocessing = 0;
		};
/* End PBXResourcesBuildPhase section */

/* Begin PBXShellScriptBuildPhase section */
		55069D4C8608D331CEC4DECC /* Copy Pods Resources */ = {
			isa = PBXShellScriptBuildPhase;
			buildActionMask = 2147483647;
			files = (
			);
			inputPaths = (
			);
			name = "Copy Pods Resources";
			outputPaths = (
			);
			runOnlyForDeploymentPostprocessing = 0;
			shellPath = /bin/sh;
			shellScript = "\"${SRCROOT}/Pods/Target Support Files/Pods-google_password_manager/Pods-google_password_manager-resources.sh\"\n";
			showEnvVarsInLog = 0;
		};
		6D8C5D2E7386A2E6C0AE5A54 /* Embed Pods Frameworks */ = {
			isa = PBXShellScriptBuildPhase;
			buildActionMask = 2147483647;
			files = (
			);
			inputPaths = (
			);
			name = "Embed Pods Frameworks";
			outputPaths = (
			);
			runOnlyForDeploymentPostprocessing = 0;
			shellPath = /bin/sh;
			shellScript = "\"${SRCROOT}/Pods/Target Support Files/Pods-google_password_manager/Pods-google_password_manager-frameworks.sh\"\n";
			showEnvVarsInLog = 0;
		};
		8A1D0C756AB567D8BBFA36F8 /* Check Pods Manifest.lock */ = {
			isa = PBXShellScriptBuildPhase;
			buildActionMask = 2147483647;
			files = (
			);
			inputPaths = (
			);
			name = "Check Pods Manifest.lock";
			outputPaths = (
			);
			runOnlyForDeploymentPostprocessing = 0;
			shellPath = /bin/sh;
			shellScript = "diff \"${PODS_ROOT}/../Podfile.lock\" \"${PODS_ROOT}/Manifest.lock\" > /dev/null\nif [[ $? != 0 ]] ; then\n    cat << EOM\nerror: The sandbox is not in sync with the Podfile.lock. Run 'pod install' or update your CocoaPods installation.\nEOM\n    exit 1\nfi\n";
			showEnvVarsInLog = 0;
		};
/* End PBXShellScriptBuildPhase section */

/* Begin PBXSourcesBuildPhase section */
		BE9CC31F1D6105B1008A49EF /* Sources */ = {
			isa = PBXSourcesBuildPhase;
			buildActionMask = 2147483647;
			files = (
				BE87142B1D665847002D9F57 /* PasswordFieldCell.swift in Sources */,
				BE262BC21D64083500E67A15 /* AddPasswordViewController.swift in Sources */,
				BE9CC3271D6105B1008A49EF /* AppDelegate.swift in Sources */,
				BE9CC3291D6105B1008A49EF /* PasswordsViewController.swift in Sources */,
				BEFE19481D612B1100F5AF56 /* UserPassword.swift in Sources */,
			);
			runOnlyForDeploymentPostprocessing = 0;
		};
		BE9CC3351D6105B1008A49EF /* Sources */ = {
			isa = PBXSourcesBuildPhase;
			buildActionMask = 2147483647;
			files = (
				BE9CC33E1D6105B1008A49EF /* google_password_managerTests.swift in Sources */,
			);
			runOnlyForDeploymentPostprocessing = 0;
		};
		BE9CC3401D6105B1008A49EF /* Sources */ = {
			isa = PBXSourcesBuildPhase;
			buildActionMask = 2147483647;
			files = (
				BE9CC3491D6105B1008A49EF /* google_password_managerUITests.swift in Sources */,
			);
			runOnlyForDeploymentPostprocessing = 0;
		};
/* End PBXSourcesBuildPhase section */

/* Begin PBXTargetDependency section */
		BE9CC33B1D6105B1008A49EF /* PBXTargetDependency */ = {
			isa = PBXTargetDependency;
			target = BE9CC3221D6105B1008A49EF /* google_password_manager */;
			targetProxy = BE9CC33A1D6105B1008A49EF /* PBXContainerItemProxy */;
		};
		BE9CC3461D6105B1008A49EF /* PBXTargetDependency */ = {
			isa = PBXTargetDependency;
			target = BE9CC3221D6105B1008A49EF /* google_password_manager */;
			targetProxy = BE9CC3451D6105B1008A49EF /* PBXContainerItemProxy */;
		};
/* End PBXTargetDependency section */

/* Begin PBXVariantGroup section */
		BE9CC32C1D6105B1008A49EF /* Main.storyboard */ = {
			isa = PBXVariantGroup;
			children = (
				BE9CC32D1D6105B1008A49EF /* Base */,
			);
			name = Main.storyboard;
			sourceTree = "<group>";
		};
		BE9CC3311D6105B1008A49EF /* LaunchScreen.storyboard */ = {
			isa = PBXVariantGroup;
			children = (
				BE9CC3321D6105B1008A49EF /* Base */,
			);
			name = LaunchScreen.storyboard;
			sourceTree = "<group>";
		};
/* End PBXVariantGroup section */

/* Begin XCBuildConfiguration section */
		BE9CC34B1D6105B1008A49EF /* Debug */ = {
			isa = XCBuildConfiguration;
			buildSettings = {
				ALWAYS_SEARCH_USER_PATHS = NO;
				CLANG_ANALYZER_NONNULL = YES;
				CLANG_CXX_LANGUAGE_STANDARD = "gnu++0x";
				CLANG_CXX_LIBRARY = "libc++";
				CLANG_ENABLE_MODULES = YES;
				CLANG_ENABLE_OBJC_ARC = YES;
				CLANG_WARN_BOOL_CONVERSION = YES;
				CLANG_WARN_CONSTANT_CONVERSION = YES;
				CLANG_WARN_DIRECT_OBJC_ISA_USAGE = YES_ERROR;
				CLANG_WARN_EMPTY_BODY = YES;
				CLANG_WARN_ENUM_CONVERSION = YES;
				CLANG_WARN_INT_CONVERSION = YES;
				CLANG_WARN_OBJC_ROOT_CLASS = YES_ERROR;
				CLANG_WARN_UNREACHABLE_CODE = YES;
				CLANG_WARN__DUPLICATE_METHOD_MATCH = YES;
				"CODE_SIGN_IDENTITY[sdk=iphoneos*]" = "iPhone Developer";
				COPY_PHASE_STRIP = NO;
				DEBUG_INFORMATION_FORMAT = dwarf;
				ENABLE_STRICT_OBJC_MSGSEND = YES;
				ENABLE_TESTABILITY = YES;
				GCC_C_LANGUAGE_STANDARD = gnu99;
				GCC_DYNAMIC_NO_PIC = NO;
				GCC_NO_COMMON_BLOCKS = YES;
				GCC_OPTIMIZATION_LEVEL = 0;
				GCC_PREPROCESSOR_DEFINITIONS = (
					"DEBUG=1",
					"$(inherited)",
				);
				GCC_WARN_64_TO_32_BIT_CONVERSION = YES;
				GCC_WARN_ABOUT_RETURN_TYPE = YES_ERROR;
				GCC_WARN_UNDECLARED_SELECTOR = YES;
				GCC_WARN_UNINITIALIZED_AUTOS = YES_AGGRESSIVE;
				GCC_WARN_UNUSED_FUNCTION = YES;
				GCC_WARN_UNUSED_VARIABLE = YES;
				IPHONEOS_DEPLOYMENT_TARGET = 9.3;
				MTL_ENABLE_DEBUG_INFO = YES;
				ONLY_ACTIVE_ARCH = YES;
				SDKROOT = iphoneos;
				SWIFT_OPTIMIZATION_LEVEL = "-Onone";
				TARGETED_DEVICE_FAMILY = "1,2";
			};
			name = Debug;
		};
		BE9CC34C1D6105B1008A49EF /* Release */ = {
			isa = XCBuildConfiguration;
			buildSettings = {
				ALWAYS_SEARCH_USER_PATHS = NO;
				CLANG_ANALYZER_NONNULL = YES;
				CLANG_CXX_LANGUAGE_STANDARD = "gnu++0x";
				CLANG_CXX_LIBRARY = "libc++";
				CLANG_ENABLE_MODULES = YES;
				CLANG_ENABLE_OBJC_ARC = YES;
				CLANG_WARN_BOOL_CONVERSION = YES;
				CLANG_WARN_CONSTANT_CONVERSION = YES;
				CLANG_WARN_DIRECT_OBJC_ISA_USAGE = YES_ERROR;
				CLANG_WARN_EMPTY_BODY = YES;
				CLANG_WARN_ENUM_CONVERSION = YES;
				CLANG_WARN_INT_CONVERSION = YES;
				CLANG_WARN_OBJC_ROOT_CLASS = YES_ERROR;
				CLANG_WARN_UNREACHABLE_CODE = YES;
				CLANG_WARN__DUPLICATE_METHOD_MATCH = YES;
				"CODE_SIGN_IDENTITY[sdk=iphoneos*]" = "iPhone Developer";
				COPY_PHASE_STRIP = NO;
				DEBUG_INFORMATION_FORMAT = "dwarf-with-dsym";
				ENABLE_NS_ASSERTIONS = NO;
				ENABLE_STRICT_OBJC_MSGSEND = YES;
				GCC_C_LANGUAGE_STANDARD = gnu99;
				GCC_NO_COMMON_BLOCKS = YES;
				GCC_WARN_64_TO_32_BIT_CONVERSION = YES;
				GCC_WARN_ABOUT_RETURN_TYPE = YES_ERROR;
				GCC_WARN_UNDECLARED_SELECTOR = YES;
				GCC_WARN_UNINITIALIZED_AUTOS = YES_AGGRESSIVE;
				GCC_WARN_UNUSED_FUNCTION = YES;
				GCC_WARN_UNUSED_VARIABLE = YES;
				IPHONEOS_DEPLOYMENT_TARGET = 9.3;
				MTL_ENABLE_DEBUG_INFO = NO;
				SDKROOT = iphoneos;
				TARGETED_DEVICE_FAMILY = "1,2";
				VALIDATE_PRODUCT = YES;
			};
			name = Release;
		};
		BE9CC34E1D6105B1008A49EF /* Debug */ = {
			isa = XCBuildConfiguration;
			baseConfigurationReference = 7B11F4CC9F134D9DD3C598D9 /* Pods-google_password_manager.debug.xcconfig */;
			buildSettings = {
				ASSETCATALOG_COMPILER_APPICON_NAME = AppIcon;
				INFOPLIST_FILE = google_password_manager/Info.plist;
				LD_RUNPATH_SEARCH_PATHS = "$(inherited) @executable_path/Frameworks";
				PRODUCT_BUNDLE_IDENTIFIER = "Venkata-Macha.google-password-manager";
				PRODUCT_NAME = "$(TARGET_NAME)";
			};
			name = Debug;
		};
		BE9CC34F1D6105B1008A49EF /* Release */ = {
			isa = XCBuildConfiguration;
			baseConfigurationReference = 151C32B26077A190133CAB59 /* Pods-google_password_manager.release.xcconfig */;
			buildSettings = {
				ASSETCATALOG_COMPILER_APPICON_NAME = AppIcon;
				INFOPLIST_FILE = google_password_manager/Info.plist;
				LD_RUNPATH_SEARCH_PATHS = "$(inherited) @executable_path/Frameworks";
				PRODUCT_BUNDLE_IDENTIFIER = "Venkata-Macha.google-password-manager";
				PRODUCT_NAME = "$(TARGET_NAME)";
			};
			name = Release;
		};
		BE9CC3511D6105B1008A49EF /* Debug */ = {
			isa = XCBuildConfiguration;
			buildSettings = {
				BUNDLE_LOADER = "$(TEST_HOST)";
				INFOPLIST_FILE = google_password_managerTests/Info.plist;
				LD_RUNPATH_SEARCH_PATHS = "$(inherited) @executable_path/Frameworks @loader_path/Frameworks";
				PRODUCT_BUNDLE_IDENTIFIER = "Venkata-Macha.google-password-managerTests";
				PRODUCT_NAME = "$(TARGET_NAME)";
				TEST_HOST = "$(BUILT_PRODUCTS_DIR)/google_password_manager.app/google_password_manager";
			};
			name = Debug;
		};
		BE9CC3521D6105B1008A49EF /* Release */ = {
			isa = XCBuildConfiguration;
			buildSettings = {
				BUNDLE_LOADER = "$(TEST_HOST)";
				INFOPLIST_FILE = google_password_managerTests/Info.plist;
				LD_RUNPATH_SEARCH_PATHS = "$(inherited) @executable_path/Frameworks @loader_path/Frameworks";
				PRODUCT_BUNDLE_IDENTIFIER = "Venkata-Macha.google-password-managerTests";
				PRODUCT_NAME = "$(TARGET_NAME)";
				TEST_HOST = "$(BUILT_PRODUCTS_DIR)/google_password_manager.app/google_password_manager";
			};
			name = Release;
		};
		BE9CC3541D6105B1008A49EF /* Debug */ = {
			isa = XCBuildConfiguration;
			buildSettings = {
				INFOPLIST_FILE = google_password_managerUITests/Info.plist;
				LD_RUNPATH_SEARCH_PATHS = "$(inherited) @executable_path/Frameworks @loader_path/Frameworks";
				PRODUCT_BUNDLE_IDENTIFIER = "Venkata-Macha.google-password-managerUITests";
				PRODUCT_NAME = "$(TARGET_NAME)";
				TEST_TARGET_NAME = google_password_manager;
			};
			name = Debug;
		};
		BE9CC3551D6105B1008A49EF /* Release */ = {
			isa = XCBuildConfiguration;
			buildSettings = {
				INFOPLIST_FILE = google_password_managerUITests/Info.plist;
				LD_RUNPATH_SEARCH_PATHS = "$(inherited) @executable_path/Frameworks @loader_path/Frameworks";
				PRODUCT_BUNDLE_IDENTIFIER = "Venkata-Macha.google-password-managerUITests";
				PRODUCT_NAME = "$(TARGET_NAME)";
				TEST_TARGET_NAME = google_password_manager;
			};
			name = Release;
		};
/* End XCBuildConfiguration section */

/* Begin XCConfigurationList section */
		BE9CC31E1D6105B1008A49EF /* Build configuration list for PBXProject "google_password_manager" */ = {
			isa = XCConfigurationList;
			buildConfigurations = (
				BE9CC34B1D6105B1008A49EF /* Debug */,
				BE9CC34C1D6105B1008A49EF /* Release */,
			);
			defaultConfigurationIsVisible = 0;
			defaultConfigurationName = Release;
		};
		BE9CC34D1D6105B1008A49EF /* Build configuration list for PBXNativeTarget "google_password_manager" */ = {
			isa = XCConfigurationList;
			buildConfigurations = (
				BE9CC34E1D6105B1008A49EF /* Debug */,
				BE9CC34F1D6105B1008A49EF /* Release */,
			);
			defaultConfigurationIsVisible = 0;
			defaultConfigurationName = Release;
		};
		BE9CC3501D6105B1008A49EF /* Build configuration list for PBXNativeTarget "google_password_managerTests" */ = {
			isa = XCConfigurationList;
			buildConfigurations = (
				BE9CC3511D6105B1008A49EF /* Debug */,
				BE9CC3521D6105B1008A49EF /* Release */,
			);
			defaultConfigurationIsVisible = 0;
			defaultConfigurationName = Release;
		};
		BE9CC3531D6105B1008A49EF /* Build configuration list for PBXNativeTarget "google_password_managerUITests" */ = {
			isa = XCConfigurationList;
			buildConfigurations = (
				BE9CC3541D6105B1008A49EF /* Debug */,
				BE9CC3551D6105B1008A49EF /* Release */,
			);
			defaultConfigurationIsVisible = 0;
			defaultConfigurationName = Release;
		};
/* End XCConfigurationList section */
	};
	rootObject = BE9CC31B1D6105B1008A49EF /* Project object */;
}
